
Microsoft Visual Studio Solution File, Format Version 12.00
# Visual Studio Version 16
VisualStudioVersion = 16.0.29215.179
MinimumVisualStudioVersion = 10.0.40219.1
Project("{FAE04EC0-301F-11D3-BF4B-00C04F79EFBC}") = "App1", "App1\App1.csproj", "{520C6C36-D953-4486-BDD0-60046A6BA45F}"
EndProject
Project("{FAE04EC0-301F-11D3-BF4B-00C04F79EFBC}") = "RowStoryA", "RowStoryA\RowStoryA.csproj", "{6BB91FE1-1AA2-4566-9724-BE7FCA755E43}"
EndProject
Project("{FAE04EC0-301F-11D3-BF4B-00C04F79EFBC}") = "Algorythm try", "Algorythm try\Algorythm try.csproj", "{DC7D5351-B45E-4E3E-968F-8D231A1A2B85}"
	ProjectSection(ProjectDependencies) = postProject
		{1969134D-04DC-487C-B774-E4DB7B8176AC} = {1969134D-04DC-487C-B774-E4DB7B8176AC}
	EndProjectSection
EndProject
Project("{FAE04EC0-301F-11D3-BF4B-00C04F79EFBC}") = "MatchThree", "MatchThree\MatchThree.csproj", "{1969134D-04DC-487C-B774-E4DB7B8176AC}"
EndProject
Global
	GlobalSection(SolutionConfigurationPlatforms) = preSolution
		Debug|Any CPU = Debug|Any CPU
		Release|Any CPU = Release|Any CPU
	EndGlobalSection
	GlobalSection(ProjectConfigurationPlatforms) = postSolution
		{520C6C36-D953-4486-BDD0-60046A6BA45F}.Debug|Any CPU.ActiveCfg = Debug|Any CPU
		{520C6C36-D953-4486-BDD0-60046A6BA45F}.Debug|Any CPU.Build.0 = Debug|Any CPU
		{520C6C36-D953-4486-BDD0-60046A6BA45F}.Release|Any CPU.ActiveCfg = Release|Any CPU
		{520C6C36-D953-4486-BDD0-60046A6BA45F}.Release|Any CPU.Build.0 = Release|Any CPU
		{6BB91FE1-1AA2-4566-9724-BE7FCA755E43}.Debug|Any CPU.ActiveCfg = Debug|Any CPU
		{6BB91FE1-1AA2-4566-9724-BE7FCA755E43}.Debug|Any CPU.Build.0 = Debug|Any CPU
		{6BB91FE1-1AA2-4566-9724-BE7FCA755E43}.Release|Any CPU.ActiveCfg = Release|Any CPU
		{6BB91FE1-1AA2-4566-9724-BE7FCA755E43}.Release|Any CPU.Build.0 = Release|Any CPU
		{DC7D5351-B45E-4E3E-968F-8D231A1A2B85}.Debug|Any CPU.ActiveCfg = Debug|Any CPU
		{DC7D5351-B45E-4E3E-968F-8D231A1A2B85}.Debug|Any CPU.Build.0 = Debug|Any CPU
		{DC7D5351-B45E-4E3E-968F-8D231A1A2B85}.Release|Any CPU.ActiveCfg = Release|Any CPU
		{DC7D5351-B45E-4E3E-968F-8D231A1A2B85}.Release|Any CPU.Build.0 = Release|Any CPU
		{1969134D-04DC-487C-B774-E4DB7B8176AC}.Debug|Any CPU.ActiveCfg = Debug|Any CPU
		{1969134D-04DC-487C-B774-E4DB7B8176AC}.Debug|Any CPU.Build.0 = Debug|Any CPU
		{1969134D-04DC-487C-B774-E4DB7B8176AC}.Release|Any CPU.ActiveCfg = Release|Any CPU
		{1969134D-04DC-487C-B774-E4DB7B8176AC}.Release|Any CPU.Build.0 = Release|Any CPU
	EndGlobalSection
	GlobalSection(SolutionProperties) = preSolution
		HideSolutionNode = FALSE
	EndGlobalSection
	GlobalSection(ExtensibilityGlobals) = postSolution
		SolutionGuid = {D0DD4695-FE95-4CB8-8E83-58142B945A32}
	EndGlobalSection
EndGlobal
